
Microsoft Visual Studio Solution File, Format Version 12.00
# Visual Studio Version 16
VisualStudioVersion = 16.0.31424.327
MinimumVisualStudioVersion = 10.0.40219.1
Project("{9A19103F-16F7-4668-BE54-9A1E7A4F7556}") = "crm-datalake-fun-sync", "crm-datalake-fun-sync\crm-datalake-fun-sync.csproj", "{C640BD14-4CBC-4C60-8DD8-A7D2BD5A5746}"
EndProject
Global
	GlobalSection(SolutionConfigurationPlatforms) = preSolution
		Debug|Any CPU = Debug|Any CPU
		Release|Any CPU = Release|Any CPU
	EndGlobalSection
	GlobalSection(ProjectConfigurationPlatforms) = postSolution
		{C640BD14-4CBC-4C60-8DD8-A7D2BD5A5746}.Debug|Any CPU.ActiveCfg = Debug|Any CPU
		{C640BD14-4CBC-4C60-8DD8-A7D2BD5A5746}.Debug|Any CPU.Build.0 = Debug|Any CPU
		{C640BD14-4CBC-4C60-8DD8-A7D2BD5A5746}.Release|Any CPU.ActiveCfg = Release|Any CPU
		{C640BD14-4CBC-4C60-8DD8-A7D2BD5A5746}.Release|Any CPU.Build.0 = Release|Any CPU
	EndGlobalSection
	GlobalSection(SolutionProperties) = preSolution
		HideSolutionNode = FALSE
	EndGlobalSection
	GlobalSection(ExtensibilityGlobals) = postSolution
		SolutionGuid = {54D4C41A-51CC-46A6-A013-C0764B0D0D05}
	EndGlobalSection
EndGlobal
